
Microsoft Visual Studio Solution File, Format Version 12.00
# Visual Studio Version 16
VisualStudioVersion = 16.0.31424.327
MinimumVisualStudioVersion = 10.0.40219.1
Project("{E24C65DC-7377-472B-9ABA-BC803B73C61A}") = "e-commerce", ".", "{7BA4ACFB-5883-495D-BF38-2A751578678D}"
	ProjectSection(WebsiteProperties) = preProject
		TargetFrameworkMoniker = ".NETFramework,Version%3Dv4.7.2"
		Debug.AspNetCompiler.VirtualPath = "/localhost_56616"
		Debug.AspNetCompiler.PhysicalPath = "..\e-commerce\"
		Debug.AspNetCompiler.TargetPath = "PrecompiledWeb\localhost_56616\"
		Debug.AspNetCompiler.Updateable = "true"
		Debug.AspNetCompiler.ForceOverwrite = "true"
		Debug.AspNetCompiler.FixedNames = "false"
		Debug.AspNetCompiler.Debug = "True"
		Release.AspNetCompiler.VirtualPath = "/localhost_56616"
		Release.AspNetCompiler.PhysicalPath = "..\e-commerce\"
		Release.AspNetCompiler.TargetPath = "PrecompiledWeb\localhost_56616\"
		Release.AspNetCompiler.Updateable = "true"
		Release.AspNetCompiler.ForceOverwrite = "true"
		Release.AspNetCompiler.FixedNames = "false"
		Release.AspNetCompiler.Debug = "False"
		VWDPort = "56616"
		SlnRelativePath = "..\e-commerce\"
		DefaultWebSiteLanguage = "Visual C#"
	EndProjectSection
EndProject
Global
	GlobalSection(SolutionConfigurationPlatforms) = preSolution
		Debug|Any CPU = Debug|Any CPU
	EndGlobalSection
	GlobalSection(ProjectConfigurationPlatforms) = postSolution
		{7BA4ACFB-5883-495D-BF38-2A751578678D}.Debug|Any CPU.ActiveCfg = Debug|Any CPU
		{7BA4ACFB-5883-495D-BF38-2A751578678D}.Debug|Any CPU.Build.0 = Debug|Any CPU
	EndGlobalSection
	GlobalSection(SolutionProperties) = preSolution
		HideSolutionNode = FALSE
	EndGlobalSection
	GlobalSection(ExtensibilityGlobals) = postSolution
		SolutionGuid = {EA3A7629-0162-4897-96B7-B0967867C961}
	EndGlobalSection
EndGlobal
